// !$*UTF8*$!
{
	archiveVersion = 1;
	classes = {
	};
	objectVersion = 46;
	objects = {

/* Begin PBXBuildFile section */
		889A90111B05BC0A005AD225 /* ZViewController.m in Sources */ = {isa = PBXBuildFile; fileRef = 889A90101B05BC0A005AD225 /* ZViewController.m */; };
		88A3C8FF1B0AC7580069B2B3 /* ZTableViewCell.m in Sources */ = {isa = PBXBuildFile; fileRef = 88A3C8FE1B0AC7580069B2B3 /* ZTableViewCell.m */; };
		88A3C9021B0AD0840069B2B3 /* UIView+Extension.m in Sources */ = {isa = PBXBuildFile; fileRef = 88A3C9011B0AD0840069B2B3 /* UIView+Extension.m */; };
		88A48DEE1B03527D00BF4ED6 /* main.m in Sources */ = {isa = PBXBuildFile; fileRef = 88A48DED1B03527D00BF4ED6 /* main.m */; };
		88A48DF11B03527D00BF4ED6 /* AppDelegate.m in Sources */ = {isa = PBXBuildFile; fileRef = 88A48DF01B03527D00BF4ED6 /* AppDelegate.m */; };
		88A48DF91B03527E00BF4ED6 /* Images.xcassets in Resources */ = {isa = PBXBuildFile; fileRef = 88A48DF81B03527E00BF4ED6 /* Images.xcassets */; };
		88A48E081B03528100BF4ED6 /* mailboxTests.m in Sources */ = {isa = PBXBuildFile; fileRef = 88A48E071B03528100BF4ED6 /* mailboxTests.m */; };
/* End PBXBuildFile section */

/* Begin PBXContainerItemProxy section */
		88A48E021B03528100BF4ED6 /* PBXContainerItemProxy */ = {
			isa = PBXContainerItemProxy;
			containerPortal = 88A48DE01B03527C00BF4ED6 /* Project object */;
			proxyType = 1;
			remoteGlobalIDString = 88A48DE71B03527D00BF4ED6;
			remoteInfo = mailbox;
		};
/* End PBXContainerItemProxy section */

/* Begin PBXFileReference section */
		889A900F1B05BC0A005AD225 /* ZViewController.h */ = {isa = PBXFileReference; fileEncoding = 4; lastKnownFileType = sourcecode.c.h; path = ZViewController.h; sourceTree = "<group>"; };
		889A90101B05BC0A005AD225 /* ZViewController.m */ = {isa = PBXFileReference; fileEncoding = 4; lastKnownFileType = sourcecode.c.objc; path = ZViewController.m; sourceTree = "<group>"; };
		88A3C8FD1B0AC7580069B2B3 /* ZTableViewCell.h */ = {isa = PBXFileReference; fileEncoding = 4; lastKnownFileType = sourcecode.c.h; path = ZTableViewCell.h; sourceTree = "<group>"; };
		88A3C8FE1B0AC7580069B2B3 /* ZTableViewCell.m */ = {isa = PBXFileReference; fileEncoding = 4; lastKnownFileType = sourcecode.c.objc; path = ZTableViewCell.m; sourceTree = "<group>"; };
		88A3C9001B0AD0840069B2B3 /* UIView+Extension.h */ = {isa = PBXFileReference; fileEncoding = 4; lastKnownFileType = sourcecode.c.h; path = "UIView+Extension.h"; sourceTree = "<group>"; };
		88A3C9011B0AD0840069B2B3 /* UIView+Extension.m */ = {isa = PBXFileReference; fileEncoding = 4; lastKnownFileType = sourcecode.c.objc; path = "UIView+Extension.m"; sourceTree = "<group>"; };
		88A3C9031B0AD0F20069B2B3 /* PrefixHeader.pch */ = {isa = PBXFileReference; fileEncoding = 4; lastKnownFileType = sourcecode.c.h; path = PrefixHeader.pch; sourceTree = "<group>"; };
		88A48DE81B03527D00BF4ED6 /* mailbox.app */ = {isa = PBXFileReference; explicitFileType = wrapper.application; includeInIndex = 0; path = mailbox.app; sourceTree = BUILT_PRODUCTS_DIR; };
		88A48DEC1B03527D00BF4ED6 /* Info.plist */ = {isa = PBXFileReference; lastKnownFileType = text.plist.xml; path = Info.plist; sourceTree = "<group>"; };
		88A48DED1B03527D00BF4ED6 /* main.m */ = {isa = PBXFileReference; lastKnownFileType = sourcecode.c.objc; path = main.m; sourceTree = "<group>"; };
		88A48DEF1B03527D00BF4ED6 /* AppDelegate.h */ = {isa = PBXFileReference; lastKnownFileType = sourcecode.c.h; path = AppDelegate.h; sourceTree = "<group>"; };
		88A48DF01B03527D00BF4ED6 /* AppDelegate.m */ = {isa = PBXFileReference; lastKnownFileType = sourcecode.c.objc; path = AppDelegate.m; sourceTree = "<group>"; };
		88A48DF81B03527E00BF4ED6 /* Images.xcassets */ = {isa = PBXFileReference; lastKnownFileType = folder.assetcatalog; path = Images.xcassets; sourceTree = "<group>"; };
		88A48E011B03528100BF4ED6 /* mailboxTests.xctest */ = {isa = PBXFileReference; explicitFileType = wrapper.cfbundle; includeInIndex = 0; path = mailboxTests.xctest; sourceTree = BUILT_PRODUCTS_DIR; };
		88A48E061B03528100BF4ED6 /* Info.plist */ = {isa = PBXFileReference; lastKnownFileType = text.plist.xml; path = Info.plist; sourceTree = "<group>"; };
		88A48E071B03528100BF4ED6 /* mailboxTests.m */ = {isa = PBXFileReference; lastKnownFileType = sourcecode.c.objc; path = mailboxTests.m; sourceTree = "<group>"; };
/* End PBXFileReference section */

/* Begin PBXFrameworksBuildPhase section */
		88A48DE51B03527D00BF4ED6 /* Frameworks */ = {
			isa = PBXFrameworksBuildPhase;
			buildActionMask = 2147483647;
			files = (
			);
			runOnlyForDeploymentPostprocessing = 0;
		};
		88A48DFE1B03528100BF4ED6 /* Frameworks */ = {
			isa = PBXFrameworksBuildPhase;
			buildActionMask = 2147483647;
			files = (
			);
			runOnlyForDeploymentPostprocessing = 0;
		};
/* End PBXFrameworksBuildPhase section */

/* Begin PBXGroup section */
		88A48DDF1B03527C00BF4ED6 = {
			isa = PBXGroup;
			children = (
				88A48DEA1B03527D00BF4ED6 /* mailbox */,
				88A48E041B03528100BF4ED6 /* mailboxTests */,
				88A48DE91B03527D00BF4ED6 /* Products */,
			);
			sourceTree = "<group>";
		};
		88A48DE91B03527D00BF4ED6 /* Products */ = {
			isa = PBXGroup;
			children = (
				88A48DE81B03527D00BF4ED6 /* mailbox.app */,
				88A48E011B03528100BF4ED6 /* mailboxTests.xctest */,
			);
			name = Products;
			sourceTree = "<group>";
		};
		88A48DEA1B03527D00BF4ED6 /* mailbox */ = {
			isa = PBXGroup;
			children = (
				88A48DEF1B03527D00BF4ED6 /* AppDelegate.h */,
				88A48DF01B03527D00BF4ED6 /* AppDelegate.m */,
				889A900F1B05BC0A005AD225 /* ZViewController.h */,
				889A90101B05BC0A005AD225 /* ZViewController.m */,
				88A3C8FD1B0AC7580069B2B3 /* ZTableViewCell.h */,
				88A3C8FE1B0AC7580069B2B3 /* ZTableViewCell.m */,
				88A48DEB1B03527D00BF4ED6 /* Supporting Files */,
			);
			path = mailbox;
			sourceTree = "<group>";
		};
		88A48DEB1B03527D00BF4ED6 /* Supporting Files */ = {
			isa = PBXGroup;
			children = (
				88A3C9031B0AD0F20069B2B3 /* PrefixHeader.pch */,
				88A3C9001B0AD0840069B2B3 /* UIView+Extension.h */,
				88A3C9011B0AD0840069B2B3 /* UIView+Extension.m */,
				88A48DF81B03527E00BF4ED6 /* Images.xcassets */,
				88A48DEC1B03527D00BF4ED6 /* Info.plist */,
				88A48DED1B03527D00BF4ED6 /* main.m */,
			);
			name = "Supporting Files";
			sourceTree = "<group>";
		};
		88A48E041B03528100BF4ED6 /* mailboxTests */ = {
			isa = PBXGroup;
			children = (
				88A48E071B03528100BF4ED6 /* mailboxTests.m */,
				88A48E051B03528100BF4ED6 /* Supporting Files */,
			);
			path = mailboxTests;
			sourceTree = "<group>";
		};
		88A48E051B03528100BF4ED6 /* Supporting Files */ = {
			isa = PBXGroup;
			children = (
				88A48E061B03528100BF4ED6 /* Info.plist */,
			);
			name = "Supporting Files";
			sourceTree = "<group>";
		};
/* End PBXGroup section */

/* Begin PBXNativeTarget section */
		88A48DE71B03527D00BF4ED6 /* mailbox */ = {
			isa = PBXNativeTarget;
			buildConfigurationList = 88A48E0B1B03528200BF4ED6 /* Build configuration list for PBXNativeTarget "mailbox" */;
			buildPhases = (
				88A48DE41B03527D00BF4ED6 /* Sources */,
				88A48DE51B03527D00BF4ED6 /* Frameworks */,
				88A48DE61B03527D00BF4ED6 /* Resources */,
			);
			buildRules = (
			);
			dependencies = (
			);
			name = mailbox;
			productName = mailbox;
			productReference = 88A48DE81B03527D00BF4ED6 /* mailbox.app */;
			productType = "com.apple.product-type.application";
		};
		88A48E001B03528100BF4ED6 /* mailboxTests */ = {
			isa = PBXNativeTarget;
			buildConfigurationList = 88A48E0E1B03528200BF4ED6 /* Build configuration list for PBXNativeTarget "mailboxTests" */;
			buildPhases = (
				88A48DFD1B03528100BF4ED6 /* Sources */,
				88A48DFE1B03528100BF4ED6 /* Frameworks */,
				88A48DFF1B03528100BF4ED6 /* Resources */,
			);
			buildRules = (
			);
			dependencies = (
				88A48E031B03528100BF4ED6 /* PBXTargetDependency */,
			);
			name = mailboxTests;
			productName = mailboxTests;
			productReference = 88A48E011B03528100BF4ED6 /* mailboxTests.xctest */;
			productType = "com.apple.product-type.bundle.unit-test";
		};
/* End PBXNativeTarget section */

/* Begin PBXProject section */
		88A48DE01B03527C00BF4ED6 /* Project object */ = {
			isa = PBXProject;
			attributes = {
				LastUpgradeCheck = 0630;
				ORGANIZATIONNAME = live;
				TargetAttributes = {
					88A48DE71B03527D00BF4ED6 = {
						CreatedOnToolsVersion = 6.3;
					};
					88A48E001B03528100BF4ED6 = {
						CreatedOnToolsVersion = 6.3;
						TestTargetID = 88A48DE71B03527D00BF4ED6;
					};
				};
			};
			buildConfigurationList = 88A48DE31B03527C00BF4ED6 /* Build configuration list for PBXProject "mailbox" */;
			compatibilityVersion = "Xcode 3.2";
			developmentRegion = English;
			hasScannedForEncodings = 0;
			knownRegions = (
				en,
				Base,
			);
			mainGroup = 88A48DDF1B03527C00BF4ED6;
			productRefGroup = 88A48DE91B03527D00BF4ED6 /* Products */;
			projectDirPath = "";
			projectRoot = "";
			targets = (
				88A48DE71B03527D00BF4ED6 /* mailbox */,
				88A48E001B03528100BF4ED6 /* mailboxTests */,
			);
		};
/* End PBXProject section */

/* Begin PBXResourcesBuildPhase section */
		88A48DE61B03527D00BF4ED6 /* Resources */ = {
			isa = PBXResourcesBuildPhase;
			buildActionMask = 2147483647;
			files = (
				88A48DF91B03527E00BF4ED6 /* Images.xcassets in Resources */,
			);
			runOnlyForDeploymentPostprocessing = 0;
		};
		88A48DFF1B03528100BF4ED6 /* Resources */ = {
			isa = PBXResourcesBuildPhase;
			buildActionMask = 2147483647;
			files = (
			);
			runOnlyForDeploymentPostprocessing = 0;
		};
/* End PBXResourcesBuildPhase section */

/* Begin PBXSourcesBuildPhase section */
		88A48DE41B03527D00BF4ED6 /* Sources */ = {
			isa = PBXSourcesBuildPhase;
			buildActionMask = 2147483647;
			files = (
				88A3C9021B0AD0840069B2B3 /* UIView+Extension.m in Sources */,
				88A3C8FF1B0AC7580069B2B3 /* ZTableViewCell.m in Sources */,
				889A90111B05BC0A005AD225 /* ZViewController.m in Sources */,
				88A48DF11B03527D00BF4ED6 /* AppDelegate.m in Sources */,
				88A48DEE1B03527D00BF4ED6 /* main.m in Sources */,
			);
			runOnlyForDeploymentPostprocessing = 0;
		};
		88A48DFD1B03528100BF4ED6 /* Sources */ = {
			isa = PBXSourcesBuildPhase;
			buildActionMask = 2147483647;
			files = (
				88A48E081B03528100BF4ED6 /* mailboxTests.m in Sources */,
			);
			runOnlyForDeploymentPostprocessing = 0;
		};
/* End PBXSourcesBuildPhase section */

/* Begin PBXTargetDependency section */
		88A48E031B03528100BF4ED6 /* PBXTargetDependency */ = {
			isa = PBXTargetDependency;
			target = 88A48DE71B03527D00BF4ED6 /* mailbox */;
			targetProxy = 88A48E021B03528100BF4ED6 /* PBXContainerItemProxy */;
		};
/* End PBXTargetDependency section */

/* Begin XCBuildConfiguration section */
		88A48E091B03528100BF4ED6 /* Debug */ = {
			isa = XCBuildConfiguration;
			buildSettings = {
				ALWAYS_SEARCH_USER_PATHS = NO;
				CLANG_CXX_LANGUAGE_STANDARD = "gnu++0x";
				CLANG_CXX_LIBRARY = "libc++";
				CLANG_ENABLE_MODULES = YES;
				CLANG_ENABLE_OBJC_ARC = YES;
				CLANG_WARN_BOOL_CONVERSION = YES;
				CLANG_WARN_CONSTANT_CONVERSION = YES;
				CLANG_WARN_DIRECT_OBJC_ISA_USAGE = YES_ERROR;
				CLANG_WARN_EMPTY_BODY = YES;
				CLANG_WARN_ENUM_CONVERSION = YES;
				CLANG_WARN_INT_CONVERSION = YES;
				CLANG_WARN_OBJC_ROOT_CLASS = YES_ERROR;
				CLANG_WARN_UNREACHABLE_CODE = YES;
				CLANG_WARN__DUPLICATE_METHOD_MATCH = YES;
				"CODE_SIGN_IDENTITY[sdk=iphoneos*]" = "iPhone Developer";
				COPY_PHASE_STRIP = NO;
				DEBUG_INFORMATION_FORMAT = "dwarf-with-dsym";
				ENABLE_STRICT_OBJC_MSGSEND = YES;
				GCC_C_LANGUAGE_STANDARD = gnu99;
				GCC_DYNAMIC_NO_PIC = NO;
				GCC_NO_COMMON_BLOCKS = YES;
				GCC_OPTIMIZATION_LEVEL = 0;
				GCC_PREPROCESSOR_DEFINITIONS = (
					"DEBUG=1",
					"$(inherited)",
				);
				GCC_SYMBOLS_PRIVATE_EXTERN = NO;
				GCC_WARN_64_TO_32_BIT_CONVERSION = YES;
				GCC_WARN_ABOUT_RETURN_TYPE = YES_ERROR;
				GCC_WARN_UNDECLARED_SELECTOR = YES;
				GCC_WARN_UNINITIALIZED_AUTOS = YES_AGGRESSIVE;
				GCC_WARN_UNUSED_FUNCTION = YES;
				GCC_WARN_UNUSED_VARIABLE = YES;
				IPHONEOS_DEPLOYMENT_TARGET = 8.3;
				MTL_ENABLE_DEBUG_INFO = YES;
				ONLY_ACTIVE_ARCH = YES;
				SDKROOT = iphoneos;
			};
			name = Debug;
		};
		88A48E0A1B03528100BF4ED6 /* Release */ = {
			isa = XCBuildConfiguration;
			buildSettings = {
				ALWAYS_SEARCH_USER_PATHS = NO;
				CLANG_CXX_LANGUAGE_STANDARD = "gnu++0x";
				CLANG_CXX_LIBRARY = "libc++";
				CLANG_ENABLE_MODULES = YES;
				CLANG_ENABLE_OBJC_ARC = YES;
				CLANG_WARN_BOOL_CONVERSION = YES;
				CLANG_WARN_CONSTANT_CONVERSION = YES;
				CLANG_WARN_DIRECT_OBJC_ISA_USAGE = YES_ERROR;
				CLANG_WARN_EMPTY_BODY = YES;
				CLANG_WARN_ENUM_CONVERSION = YES;
				CLANG_WARN_INT_CONVERSION = YES;
				CLANG_WARN_OBJC_ROOT_CLASS = YES_ERROR;
				CLANG_WARN_UNREACHABLE_CODE = YES;
				CLANG_WARN__DUPLICATE_METHOD_MATCH = YES;
				"CODE_SIGN_IDENTITY[sdk=iphoneos*]" = "iPhone Developer";
				COPY_PHASE_STRIP = NO;
				DEBUG_INFORMATION_FORMAT = "dwarf-with-dsym";
				ENABLE_NS_ASSERTIONS = NO;
				ENABLE_STRICT_OBJC_MSGSEND = YES;
				GCC_C_LANGUAGE_STANDARD = gnu99;
				GCC_NO_COMMON_BLOCKS = YES;
				GCC_WARN_64_TO_32_BIT_CONVERSION = YES;
				GCC_WARN_ABOUT_RETURN_TYPE = YES_ERROR;
				GCC_WARN_UNDECLARED_SELECTOR = YES;
				GCC_WARN_UNINITIALIZED_AUTOS = YES_AGGRESSIVE;
				GCC_WARN_UNUSED_FUNCTION = YES;
				GCC_WARN_UNUSED_VARIABLE = YES;
				IPHONEOS_DEPLOYMENT_TARGET = 8.3;
				MTL_ENABLE_DEBUG_INFO = NO;
				SDKROOT = iphoneos;
				VALIDATE_PRODUCT = YES;
			};
			name = Release;
		};
		88A48E0C1B03528200BF4ED6 /* Debug */ = {
			isa = XCBuildConfiguration;
			buildSettings = {
				ASSETCATALOG_COMPILER_APPICON_NAME = AppIcon;
				ASSETCATALOG_COMPILER_LAUNCHIMAGE_NAME = LaunchImage;
				GCC_PREFIX_HEADER = mailbox/PrefixHeader.pch;
				INFOPLIST_FILE = mailbox/Info.plist;
				IPHONEOS_DEPLOYMENT_TARGET = 7.0;
				LD_RUNPATH_SEARCH_PATHS = "$(inherited) @executable_path/Frameworks";
				PRODUCT_NAME = "$(TARGET_NAME)";
			};
			name = Debug;
		};
		88A48E0D1B03528200BF4ED6 /* Release */ = {
			isa = XCBuildConfiguration;
			buildSettings = {
				ASSETCATALOG_COMPILER_APPICON_NAME = AppIcon;
				ASSETCATALOG_COMPILER_LAUNCHIMAGE_NAME = LaunchImage;
				GCC_PREFIX_HEADER = mailbox/PrefixHeader.pch;
				INFOPLIST_FILE = mailbox/Info.plist;
				IPHONEOS_DEPLOYMENT_TARGET = 7.0;
				LD_RUNPATH_SEARCH_PATHS = "$(inherited) @executable_path/Frameworks";
				PRODUCT_NAME = "$(TARGET_NAME)";
			};
			name = Release;
		};
		88A48E0F1B03528200BF4ED6 /* Debug */ = {
			isa = XCBuildConfiguration;
			buildSettings = {
				BUNDLE_LOADER = "$(TEST_HOST)";
				FRAMEWORK_SEARCH_PATHS = (
					"$(SDKROOT)/Developer/Library/Frameworks",
					"$(inherited)",
				);
				GCC_PREPROCESSOR_DEFINITIONS = (
					"DEBUG=1",
					"$(inherited)",
				);
				INFOPLIST_FILE = mailboxTests/Info.plist;
				LD_RUNPATH_SEARCH_PATHS = "$(inherited) @executable_path/Frameworks @loader_path/Frameworks";
				PRODUCT_NAME = "$(TARGET_NAME)";
				TEST_HOST = "$(BUILT_PRODUCTS_DIR)/mailbox.app/mailbox";
			};
			name = Debug;
		};
		88A48E101B03528200BF4ED6 /* Release */ = {
			isa = XCBuildConfiguration;
			buildSettings = {
				BUNDLE_LOADER = "$(TEST_HOST)";
				FRAMEWORK_SEARCH_PATHS = (
					"$(SDKROOT)/Developer/Library/Frameworks",
					"$(inherited)",
				);
				INFOPLIST_FILE = mailboxTests/Info.plist;
				LD_RUNPATH_SEARCH_PATHS = "$(inherited) @executable_path/Frameworks @loader_path/Frameworks";
				PRODUCT_NAME = "$(TARGET_NAME)";
				TEST_HOST = "$(BUILT_PRODUCTS_DIR)/mailbox.app/mailbox";
			};
			name = Release;
		};
/* End XCBuildConfiguration section */

/* Begin XCConfigurationList section */
		88A48DE31B03527C00BF4ED6 /* Build configuration list for PBXProject "mailbox" */ = {
			isa = XCConfigurationList;
			buildConfigurations = (
				88A48E091B03528100BF4ED6 /* Debug */,
				88A48E0A1B03528100BF4ED6 /* Release */,
			);
			defaultConfigurationIsVisible = 0;
			defaultConfigurationName = Release;
		};
		88A48E0B1B03528200BF4ED6 /* Build configuration list for PBXNativeTarget "mailbox" */ = {
			isa = XCConfigurationList;
			buildConfigurations = (
				88A48E0C1B03528200BF4ED6 /* Debug */,
				88A48E0D1B03528200BF4ED6 /* Release */,
			);
			defaultConfigurationIsVisible = 0;
			defaultConfigurationName = Release;
		};
		88A48E0E1B03528200BF4ED6 /* Build configuration list for PBXNativeTarget "mailboxTests" */ = {
			isa = XCConfigurationList;
			buildConfigurations = (
				88A48E0F1B03528200BF4ED6 /* Debug */,
				88A48E101B03528200BF4ED6 /* Release */,
			);
			defaultConfigurationIsVisible = 0;
			defaultConfigurationName = Release;
		};
/* End XCConfigurationList section */
	};
	rootObject = 88A48DE01B03527C00BF4ED6 /* Project object */;
}
